
Microsoft Visual Studio Solution File, Format Version 12.00
# Visual Studio Version 16
VisualStudioVersion = 16.0.31702.278
MinimumVisualStudioVersion = 10.0.40219.1
Project("{FAE04EC0-301F-11D3-BF4B-00C04F79EFBC}") = "CycleTimeRecord", "CycleTimeRecord\CycleTimeRecord.csproj", "{A369481B-E57C-4A12-87C5-2B1612BEA31D}"
EndProject
Global
	GlobalSection(SolutionConfigurationPlatforms) = preSolution
		Debug|Any CPU = Debug|Any CPU
		Release|Any CPU = Release|Any CPU
	EndGlobalSection
	GlobalSection(ProjectConfigurationPlatforms) = postSolution
		{A369481B-E57C-4A12-87C5-2B1612BEA31D}.Debug|Any CPU.ActiveCfg = Debug|Any CPU
		{A369481B-E57C-4A12-87C5-2B1612BEA31D}.Debug|Any CPU.Build.0 = Debug|Any CPU
		{A369481B-E57C-4A12-87C5-2B1612BEA31D}.Release|Any CPU.ActiveCfg = Release|Any CPU
		{A369481B-E57C-4A12-87C5-2B1612BEA31D}.Release|Any CPU.Build.0 = Release|Any CPU
	EndGlobalSection
	GlobalSection(SolutionProperties) = preSolution
		HideSolutionNode = FALSE
	EndGlobalSection
	GlobalSection(ExtensibilityGlobals) = postSolution
		SolutionGuid = {4A358A5D-9625-42C3-B955-BA72622228D3}
	EndGlobalSection
EndGlobal
